
Microsoft Visual Studio Solution File, Format Version 12.00
# Visual Studio Version 16
VisualStudioVersion = 16.0.31729.503
MinimumVisualStudioVersion = 10.0.40219.1
Project("{8BC9CEB8-8B4A-11D0-8D11-00A0C91BC942}") = "lab7.8", "lab7.8\lab7.8.vcxproj", "{B45F1E09-F14E-4317-8697-3C1E65D9151C}"
EndProject
Global
	GlobalSection(SolutionConfigurationPlatforms) = preSolution
		Debug|x64 = Debug|x64
		Debug|x86 = Debug|x86
		Release|x64 = Release|x64
		Release|x86 = Release|x86
	EndGlobalSection
	GlobalSection(ProjectConfigurationPlatforms) = postSolution
		{B45F1E09-F14E-4317-8697-3C1E65D9151C}.Debug|x64.ActiveCfg = Debug|x64
		{B45F1E09-F14E-4317-8697-3C1E65D9151C}.Debug|x64.Build.0 = Debug|x64
		{B45F1E09-F14E-4317-8697-3C1E65D9151C}.Debug|x86.ActiveCfg = Debug|Win32
		{B45F1E09-F14E-4317-8697-3C1E65D9151C}.Debug|x86.Build.0 = Debug|Win32
		{B45F1E09-F14E-4317-8697-3C1E65D9151C}.Release|x64.ActiveCfg = Release|x64
		{B45F1E09-F14E-4317-8697-3C1E65D9151C}.Release|x64.Build.0 = Release|x64
		{B45F1E09-F14E-4317-8697-3C1E65D9151C}.Release|x86.ActiveCfg = Release|Win32
		{B45F1E09-F14E-4317-8697-3C1E65D9151C}.Release|x86.Build.0 = Release|Win32
	EndGlobalSection
	GlobalSection(SolutionProperties) = preSolution
		HideSolutionNode = FALSE
	EndGlobalSection
	GlobalSection(ExtensibilityGlobals) = postSolution
		SolutionGuid = {5239ABAE-4F22-410F-AAAE-52CB9701545E}
	EndGlobalSection
EndGlobal
